
Microsoft Visual Studio Solution File, Format Version 12.00
# Visual Studio 15
VisualStudioVersion = 15.0.27703.2000
MinimumVisualStudioVersion = 10.0.40219.1
Project("{FAE04EC0-301F-11D3-BF4B-00C04F79EFBC}") = "ComboBoxWithSearch", "ComboBoxWithSearch\ComboBoxWithSearch.csproj", "{FD466969-2052-4A1E-9B10-9015762DA3E8}"
EndProject
Global
	GlobalSection(SolutionConfigurationPlatforms) = preSolution
		Debug|Any CPU = Debug|Any CPU
		Release|Any CPU = Release|Any CPU
	EndGlobalSection
	GlobalSection(ProjectConfigurationPlatforms) = postSolution
		{FD466969-2052-4A1E-9B10-9015762DA3E8}.Debug|Any CPU.ActiveCfg = Debug|Any CPU
		{FD466969-2052-4A1E-9B10-9015762DA3E8}.Debug|Any CPU.Build.0 = Debug|Any CPU
		{FD466969-2052-4A1E-9B10-9015762DA3E8}.Release|Any CPU.ActiveCfg = Release|Any CPU
		{FD466969-2052-4A1E-9B10-9015762DA3E8}.Release|Any CPU.Build.0 = Release|Any CPU
	EndGlobalSection
	GlobalSection(SolutionProperties) = preSolution
		HideSolutionNode = FALSE
	EndGlobalSection
	GlobalSection(ExtensibilityGlobals) = postSolution
		SolutionGuid = {F6F5ECE9-881A-4E66-816F-947FEC6F3F75}
	EndGlobalSection
EndGlobal
